
Microsoft Visual Studio Solution File, Format Version 12.00
# Visual Studio Version 16
VisualStudioVersion = 16.0.31515.178
MinimumVisualStudioVersion = 10.0.40219.1
Project("{FAE04EC0-301F-11D3-BF4B-00C04F79EFBC}") = "ConstructorInheritance", "ConstructorInheritance.csproj", "{269EC76E-213A-4C9A-B900-3463B269CFDA}"
EndProject
Global
	GlobalSection(SolutionConfigurationPlatforms) = preSolution
		Debug|Any CPU = Debug|Any CPU
		Release|Any CPU = Release|Any CPU
	EndGlobalSection
	GlobalSection(ProjectConfigurationPlatforms) = postSolution
		{269EC76E-213A-4C9A-B900-3463B269CFDA}.Debug|Any CPU.ActiveCfg = Debug|Any CPU
		{269EC76E-213A-4C9A-B900-3463B269CFDA}.Debug|Any CPU.Build.0 = Debug|Any CPU
		{269EC76E-213A-4C9A-B900-3463B269CFDA}.Release|Any CPU.ActiveCfg = Release|Any CPU
		{269EC76E-213A-4C9A-B900-3463B269CFDA}.Release|Any CPU.Build.0 = Release|Any CPU
	EndGlobalSection
	GlobalSection(SolutionProperties) = preSolution
		HideSolutionNode = FALSE
	EndGlobalSection
	GlobalSection(ExtensibilityGlobals) = postSolution
		SolutionGuid = {00B04610-D19E-4C75-95B2-BF4276DE3B1B}
	EndGlobalSection
EndGlobal
